
Microsoft Visual Studio Solution File, Format Version 12.00
# Visual Studio 15
VisualStudioVersion = 15.0.26430.12
MinimumVisualStudioVersion = 10.0.40219.1
Project("{FAE04EC0-301F-11D3-BF4B-00C04F79EFBC}") = "WebShop", "WebShop\WebShop.csproj", "{62D7E0CE-BEC8-4470-807C-0E3133BB5FC2}"
EndProject
Project("{FAE04EC0-301F-11D3-BF4B-00C04F79EFBC}") = "WebShop.Tests", "UnitTest1\WebShop.Tests.csproj", "{34B05A17-2D19-4225-94DE-7A6BECBFF532}"
EndProject
Global
	GlobalSection(SolutionConfigurationPlatforms) = preSolution
		Debug|Any CPU = Debug|Any CPU
		Release|Any CPU = Release|Any CPU
	EndGlobalSection
	GlobalSection(ProjectConfigurationPlatforms) = postSolution
		{62D7E0CE-BEC8-4470-807C-0E3133BB5FC2}.Debug|Any CPU.ActiveCfg = Debug|Any CPU
		{62D7E0CE-BEC8-4470-807C-0E3133BB5FC2}.Debug|Any CPU.Build.0 = Debug|Any CPU
		{62D7E0CE-BEC8-4470-807C-0E3133BB5FC2}.Release|Any CPU.ActiveCfg = Release|Any CPU
		{62D7E0CE-BEC8-4470-807C-0E3133BB5FC2}.Release|Any CPU.Build.0 = Release|Any CPU
		{34B05A17-2D19-4225-94DE-7A6BECBFF532}.Debug|Any CPU.ActiveCfg = Debug|Any CPU
		{34B05A17-2D19-4225-94DE-7A6BECBFF532}.Debug|Any CPU.Build.0 = Debug|Any CPU
		{34B05A17-2D19-4225-94DE-7A6BECBFF532}.Release|Any CPU.ActiveCfg = Release|Any CPU
		{34B05A17-2D19-4225-94DE-7A6BECBFF532}.Release|Any CPU.Build.0 = Release|Any CPU
	EndGlobalSection
	GlobalSection(SolutionProperties) = preSolution
		HideSolutionNode = FALSE
	EndGlobalSection
EndGlobal
